
Microsoft Visual Studio Solution File, Format Version 12.00
Project("{FAE04EC0-301F-11D3-BF4B-00C04F79EFBC}") = "Grpc.AspNetCore.Server.Automation", "src\Grpc.AspNetCore.Server.Automation\Grpc.AspNetCore.Server.Automation.csproj", "{97612340-E42A-40C8-8B53-B9EAF0B09369}"
EndProject
Global
	GlobalSection(SolutionConfigurationPlatforms) = preSolution
		Debug|Any CPU = Debug|Any CPU
		Release|Any CPU = Release|Any CPU
	EndGlobalSection
	GlobalSection(ProjectConfigurationPlatforms) = postSolution
		{97612340-E42A-40C8-8B53-B9EAF0B09369}.Debug|Any CPU.ActiveCfg = Debug|Any CPU
		{97612340-E42A-40C8-8B53-B9EAF0B09369}.Debug|Any CPU.Build.0 = Debug|Any CPU
		{97612340-E42A-40C8-8B53-B9EAF0B09369}.Release|Any CPU.ActiveCfg = Release|Any CPU
		{97612340-E42A-40C8-8B53-B9EAF0B09369}.Release|Any CPU.Build.0 = Release|Any CPU
	EndGlobalSection
EndGlobal
